<?xml version="1.0" encoding="utf-8"?>
<Project ToolsVersion="4.0" xmlns="http://schemas.microsoft.com/developer/msbuild/2003">
  <ItemGroup>
    <Filter Include="Source Files">
      <UniqueIdentifier>{4FC737F1-C7A5-4376-A066-2A32D752A2FF}</UniqueIdentifier>
      <Extensions>cpp;c;cc;cxx;def;odl;idl;hpj;bat;asm;asmx</Extensions>
    </Filter>
    <Filter Include="done">
      <UniqueIdentifier>{6d0742ac-24c1-4b8a-af61-6c16523ffa8e}</UniqueIdentifier>
    </Filter>
  </ItemGroup>
  <ItemGroup>
    <ClCompile Include="template.cpp">
      <Filter>Source Files</Filter>
    </ClCompile>
    <ClCompile Include="001 two sum.cpp">
      <Filter>done</Filter>
    </ClCompile>
    <ClCompile Include="002 Add Two Numbers.cpp">
      <Filter>done</Filter>
    </ClCompile>
    <ClCompile Include="003 Longest Substring Without Repeating Characters.cpp">
      <Filter>done</Filter>
    </ClCompile>
    <ClCompile Include="004 Median of Two Sorted Arrays.cpp">
      <Filter>done</Filter>
    </ClCompile>
    <ClCompile Include="005 Longest Palindromic Substring.cpp">
      <Filter>done</Filter>
    </ClCompile>
    <ClCompile Include="006 ZigZag Conversion.cpp">
      <Filter>done</Filter>
    </ClCompile>
    <ClCompile Include="007 Reverse Integer.cpp">
      <Filter>done</Filter>
    </ClCompile>
    <ClCompile Include="008 String to Integer.cpp">
      <Filter>done</Filter>
    </ClCompile>
    <ClCompile Include="009 Palindrome Number.cpp">
      <Filter>done</Filter>
    </ClCompile>
    <ClCompile Include="010 Regular Expression Matching.cpp">
      <Filter>done</Filter>
    </ClCompile>
    <ClCompile Include="011 Container With Most Water.cpp">
      <Filter>done</Filter>
    </ClCompile>
    <ClCompile Include="012 Integer to Roman.cpp">
      <Filter>done</Filter>
    </ClCompile>
    <ClCompile Include="013 roman to integer.cpp">
      <Filter>done</Filter>
    </ClCompile>
    <ClCompile Include="014 Longest Common Prefix.cpp">
      <Filter>done</Filter>
    </ClCompile>
    <ClCompile Include="015 3Sum.cpp">
      <Filter>done</Filter>
    </ClCompile>
    <ClCompile Include="016 3Sum Closest .cpp">
      <Filter>done</Filter>
    </ClCompile>
    <ClCompile Include="017 Letter Combinations of a Phone Number.cpp">
      <Filter>done</Filter>
    </ClCompile>
    <ClCompile Include="018 4Sum.cpp">
      <Filter>done</Filter>
    </ClCompile>
    <ClCompile Include="019 Remove Nth Node From End of List.cpp">
      <Filter>done</Filter>
    </ClCompile>
    <ClCompile Include="020 Valid Parentheses.cpp">
      <Filter>done</Filter>
    </ClCompile>
    <ClCompile Include="021 merge two sorted lists.cpp">
      <Filter>done</Filter>
    </ClCompile>
    <ClCompile Include="022 Generate Parentheses.cpp">
      <Filter>done</Filter>
    </ClCompile>
    <ClCompile Include="023 Merge k Sorted Lists.cpp">
      <Filter>done</Filter>
    </ClCompile>
    <ClCompile Include="024 Swap Nodes in Pairs.cpp">
      <Filter>done</Filter>
    </ClCompile>
    <ClCompile Include="025 Reverse Nodes in k-Group.cpp">
      <Filter>done</Filter>
    </ClCompile>
    <ClCompile Include="026 Remove Duplicates from Sorted Array.cpp">
      <Filter>done</Filter>
    </ClCompile>
    <ClCompile Include="027 Remove Element.cpp">
      <Filter>done</Filter>
    </ClCompile>
    <ClCompile Include="028 Implement strStr().cpp">
      <Filter>done</Filter>
    </ClCompile>
    <ClCompile Include="029 Divide Two Integers.cpp">
      <Filter>done</Filter>
    </ClCompile>
    <ClCompile Include="030 Substring with Concatenation of All Words.cpp">
      <Filter>done</Filter>
    </ClCompile>
    <ClCompile Include="031 Next Permutation.cpp">
      <Filter>done</Filter>
    </ClCompile>
    <ClCompile Include="032 Longest Valid Parentheses.cpp">
      <Filter>done</Filter>
    </ClCompile>
    <ClCompile Include="033 Search in Rotated Sorted Array.cpp">
      <Filter>done</Filter>
    </ClCompile>
    <ClCompile Include="034 Search for a Range.cpp">
      <Filter>done</Filter>
    </ClCompile>
    <ClCompile Include="035 Search Insert Position.cpp">
      <Filter>done</Filter>
    </ClCompile>
    <ClCompile Include="036 Valid Sudoku.cpp">
      <Filter>done</Filter>
    </ClCompile>
    <ClCompile Include="037 Sudoku Solver.cpp">
      <Filter>done</Filter>
    </ClCompile>
    <ClCompile Include="038 Count and Say.cpp">
      <Filter>done</Filter>
    </ClCompile>
    <ClCompile Include="039 Combination Sum.cpp">
      <Filter>done</Filter>
    </ClCompile>
    <ClCompile Include="040 Combination Sum II.cpp">
      <Filter>done</Filter>
    </ClCompile>
    <ClCompile Include="041 First Missing Positive.cpp">
      <Filter>done</Filter>
    </ClCompile>
    <ClCompile Include="042 Trapping Rain Water.cpp">
      <Filter>done</Filter>
    </ClCompile>
    <ClCompile Include="043 Multiply Strings.cpp">
      <Filter>done</Filter>
    </ClCompile>
    <ClCompile Include="044 Wildcard Matching.cpp">
      <Filter>done</Filter>
    </ClCompile>
    <ClCompile Include="045 Jump Game II.cpp">
      <Filter>done</Filter>
    </ClCompile>
    <ClCompile Include="046 Permutations.cpp">
      <Filter>done</Filter>
    </ClCompile>
    <ClCompile Include="047 Permutations II.cpp">
      <Filter>done</Filter>
    </ClCompile>
    <ClCompile Include="048 Rotate Image.cpp">
      <Filter>done</Filter>
    </ClCompile>
    <ClCompile Include="049 Anagrams.cpp">
      <Filter>done</Filter>
    </ClCompile>
    <ClCompile Include="050 pow.cpp">
      <Filter>done</Filter>
    </ClCompile>
    <ClCompile Include="051 N-Queens.cpp">
      <Filter>done</Filter>
    </ClCompile>
    <ClCompile Include="052 N-Queens II.cpp">
      <Filter>done</Filter>
    </ClCompile>
    <ClCompile Include="053 Maximum Subarray.cpp">
      <Filter>done</Filter>
    </ClCompile>
    <ClCompile Include="054 Spiral Matrix.cpp">
      <Filter>done</Filter>
    </ClCompile>
    <ClCompile Include="055 Jump Game.cpp">
      <Filter>done</Filter>
    </ClCompile>
    <ClCompile Include="056 Merge Intervals.cpp">
      <Filter>done</Filter>
    </ClCompile>
    <ClCompile Include="057 Insert Interval.cpp">
      <Filter>done</Filter>
    </ClCompile>
    <ClCompile Include="058 Length of Last Word.cpp">
      <Filter>done</Filter>
    </ClCompile>
    <ClCompile Include="059 Spiral Matrix II.cpp">
      <Filter>done</Filter>
    </ClCompile>
    <ClCompile Include="060 Permutation Sequence.cpp">
      <Filter>done</Filter>
    </ClCompile>
    <ClCompile Include="061 Rotate List.cpp">
      <Filter>done</Filter>
    </ClCompile>
    <ClCompile Include="062 Unique Paths.cpp">
      <Filter>done</Filter>
    </ClCompile>
    <ClCompile Include="063 Unique Paths II.cpp">
      <Filter>done</Filter>
    </ClCompile>
    <ClCompile Include="064 Minimum Path Sum.cpp">
      <Filter>done</Filter>
    </ClCompile>
    <ClCompile Include="065 Valid Number.cpp">
      <Filter>done</Filter>
    </ClCompile>
    <ClCompile Include="066 Plus One.cpp">
      <Filter>done</Filter>
    </ClCompile>
    <ClCompile Include="067 Add Binary.cpp">
      <Filter>done</Filter>
    </ClCompile>
    <ClCompile Include="068 Text Justification.cpp">
      <Filter>done</Filter>
    </ClCompile>
    <ClCompile Include="069 Sqrt(x).cpp">
      <Filter>done</Filter>
    </ClCompile>
    <ClCompile Include="070 Climbing Stairs.cpp">
      <Filter>done</Filter>
    </ClCompile>
    <ClCompile Include="071 Simplify Path.cpp">
      <Filter>done</Filter>
    </ClCompile>
    <ClCompile Include="072 Edit Distance.cpp">
      <Filter>done</Filter>
    </ClCompile>
    <ClCompile Include="073 Set Matrix Zeroes.cpp">
      <Filter>done</Filter>
    </ClCompile>
    <ClCompile Include="074 Search a 2D Matrix.cpp">
      <Filter>done</Filter>
    </ClCompile>
    <ClCompile Include="075 Sort Colors.cpp">
      <Filter>done</Filter>
    </ClCompile>
    <ClCompile Include="076 Minimum Window Substring.cpp">
      <Filter>done</Filter>
    </ClCompile>
    <ClCompile Include="077 Combinations.cpp">
      <Filter>done</Filter>
    </ClCompile>
    <ClCompile Include="078 Subsets.cpp">
      <Filter>done</Filter>
    </ClCompile>
    <ClCompile Include="079 Word Search.cpp">
      <Filter>done</Filter>
    </ClCompile>
    <ClCompile Include="080 Remove Duplicates from Sorted Array II.cpp">
      <Filter>done</Filter>
    </ClCompile>
    <ClCompile Include="081 Search in Rotated Sorted Array II.cpp">
      <Filter>done</Filter>
    </ClCompile>
    <ClCompile Include="082 Remove Duplicates from Sorted List II.cpp">
      <Filter>done</Filter>
    </ClCompile>
    <ClCompile Include="083 Remove Duplicates from Sorted List.cpp">
      <Filter>done</Filter>
    </ClCompile>
    <ClCompile Include="084 Largest Rectangle in Histogram.cpp">
      <Filter>done</Filter>
    </ClCompile>
    <ClCompile Include="085 Maximal Rectangle.cpp">
      <Filter>done</Filter>
    </ClCompile>
    <ClCompile Include="086 Partition List.cpp">
      <Filter>done</Filter>
    </ClCompile>
    <ClCompile Include="087 Scramble String.cpp">
      <Filter>done</Filter>
    </ClCompile>
    <ClCompile Include="088 Merge Sorted Array.cpp">
      <Filter>done</Filter>
    </ClCompile>
    <ClCompile Include="089 Gray Code.cpp">
      <Filter>done</Filter>
    </ClCompile>
    <ClCompile Include="090 Subsets II.cpp">
      <Filter>done</Filter>
    </ClCompile>
    <ClCompile Include="091 Decode Ways.cpp">
      <Filter>done</Filter>
    </ClCompile>
    <ClCompile Include="092 Reverse Linked List II.cpp">
      <Filter>done</Filter>
    </ClCompile>
    <ClCompile Include="093 Restore IP Addresses.cpp">
      <Filter>done</Filter>
    </ClCompile>
    <ClCompile Include="094 Binary Tree Inorder Traversal.cpp">
      <Filter>done</Filter>
    </ClCompile>
    <ClCompile Include="095 Unique Binary Search Trees II.cpp">
      <Filter>done</Filter>
    </ClCompile>
    <ClCompile Include="096 Unique Binary Search Trees.cpp">
      <Filter>done</Filter>
    </ClCompile>
    <ClCompile Include="097 Interleaving String.cpp">
      <Filter>done</Filter>
    </ClCompile>
    <ClCompile Include="098 Validate Binary Search Tree.cpp">
      <Filter>done</Filter>
    </ClCompile>
    <ClCompile Include="099 Recover Binary Search Tree.cpp">
      <Filter>done</Filter>
    </ClCompile>
    <ClCompile Include="100 Same Tree.cpp">
      <Filter>done</Filter>
    </ClCompile>
    <ClCompile Include="101 Symmetric Tree.cpp">
      <Filter>done</Filter>
    </ClCompile>
    <ClCompile Include="102 Binary Tree Level Order Traversal.cpp">
      <Filter>done</Filter>
    </ClCompile>
    <ClCompile Include="103 Binary Tree Zigzag Level Order Traversal.cpp">
      <Filter>done</Filter>
    </ClCompile>
    <ClCompile Include="104 Maximum Depth of Binary Tree.cpp">
      <Filter>done</Filter>
    </ClCompile>
    <ClCompile Include="105 Construct Binary Tree from Preorder and Inorder Traversal.cpp">
      <Filter>done</Filter>
    </ClCompile>
    <ClCompile Include="106 Construct Binary Tree from Inorder and Postorder Traversal.cpp">
      <Filter>done</Filter>
    </ClCompile>
    <ClCompile Include="107 Binary Tree Level Order Traversal II.cpp">
      <Filter>done</Filter>
    </ClCompile>
    <ClCompile Include="108 Convert Sorted Array to Binary Search Tree.cpp">
      <Filter>done</Filter>
    </ClCompile>
    <ClCompile Include="109 Convert Sorted List to Binary Search Tree.cpp">
      <Filter>done</Filter>
    </ClCompile>
    <ClCompile Include="110 Balanced Binary Tree.cpp">
      <Filter>done</Filter>
    </ClCompile>
    <ClCompile Include="111 Minimum Depth of Binary Tree.cpp">
      <Filter>done</Filter>
    </ClCompile>
    <ClCompile Include="112 Path Sum.cpp">
      <Filter>done</Filter>
    </ClCompile>
    <ClCompile Include="113 Path Sum II.cpp">
      <Filter>done</Filter>
    </ClCompile>
    <ClCompile Include="114 Flatten Binary Tree to Linked List.cpp">
      <Filter>done</Filter>
    </ClCompile>
    <ClCompile Include="115 Distinct Subsequences.cpp">
      <Filter>done</Filter>
    </ClCompile>
    <ClCompile Include="116 Populating Next Right Pointers in Each Node.cpp">
      <Filter>done</Filter>
    </ClCompile>
    <ClCompile Include="117 Populating Next Right Pointers in Each Node II.cpp">
      <Filter>done</Filter>
    </ClCompile>
    <ClCompile Include="118 Pascal%27s Triangle.cpp">
      <Filter>done</Filter>
    </ClCompile>
    <ClCompile Include="119 Pascal%27s Triangle II.cpp">
      <Filter>done</Filter>
    </ClCompile>
    <ClCompile Include="120 Triangle.cpp">
      <Filter>done</Filter>
    </ClCompile>
    <ClCompile Include="121 Best Time to Buy and Sell Stock.cpp">
      <Filter>done</Filter>
    </ClCompile>
    <ClCompile Include="122 Best Time to Buy and Sell Stock II.cpp">
      <Filter>done</Filter>
    </ClCompile>
    <ClCompile Include="123 Best Time to Buy and Sell Stock III.cpp">
      <Filter>done</Filter>
    </ClCompile>
    <ClCompile Include="124 Binary Tree Maximum Path Sum.cpp">
      <Filter>done</Filter>
    </ClCompile>
    <ClCompile Include="125 Valid Palindrome.cpp">
      <Filter>done</Filter>
    </ClCompile>
    <ClCompile Include="126 Word Ladder II.cpp">
      <Filter>done</Filter>
    </ClCompile>
    <ClCompile Include="127 Word Ladder.cpp">
      <Filter>done</Filter>
    </ClCompile>
    <ClCompile Include="128 Longest Consecutive Sequence.cpp">
      <Filter>done</Filter>
    </ClCompile>
    <ClCompile Include="129 Sum Root to Leaf Numbers.cpp">
      <Filter>done</Filter>
    </ClCompile>
    <ClCompile Include="130 Surrounded Regions.cpp">
      <Filter>done</Filter>
    </ClCompile>
    <ClCompile Include="131 Palindrome Partitioning.cpp">
      <Filter>done</Filter>
    </ClCompile>
    <ClCompile Include="132 Palindrome Partitioning II.cpp">
      <Filter>done</Filter>
    </ClCompile>
    <ClCompile Include="133 Clone Graph.cpp">
      <Filter>done</Filter>
    </ClCompile>
    <ClCompile Include="134 Gas Station.cpp">
      <Filter>done</Filter>
    </ClCompile>
    <ClCompile Include="135 Cindy.cpp">
      <Filter>done</Filter>
    </ClCompile>
    <ClCompile Include="136 Single Number.cpp">
      <Filter>done</Filter>
    </ClCompile>
    <ClCompile Include="137 Single Number II.cpp">
      <Filter>done</Filter>
    </ClCompile>
    <ClCompile Include="138 Copy List with Random Pointer.cpp">
      <Filter>done</Filter>
    </ClCompile>
    <ClCompile Include="139 Word Break.cpp">
      <Filter>done</Filter>
    </ClCompile>
    <ClCompile Include="140 Word Break II.cpp">
      <Filter>done</Filter>
    </ClCompile>
    <ClCompile Include="141 Linked List Cycle.cpp">
      <Filter>done</Filter>
    </ClCompile>
    <ClCompile Include="142 Linked List Cycle II.cpp">
      <Filter>done</Filter>
    </ClCompile>
    <ClCompile Include="143 Reorder List.cpp">
      <Filter>done</Filter>
    </ClCompile>
    <ClCompile Include="144 Binary Tree Preorder Traversal.cpp">
      <Filter>done</Filter>
    </ClCompile>
    <ClCompile Include="145 Binary Tree Postorder Traversal.cpp">
      <Filter>done</Filter>
    </ClCompile>
    <ClCompile Include="146 LRU Cache.cpp">
      <Filter>done</Filter>
    </ClCompile>
    <ClCompile Include="147 Insertion Sort List.cpp">
      <Filter>done</Filter>
    </ClCompile>
    <ClCompile Include="148 Sort List.cpp">
      <Filter>done</Filter>
    </ClCompile>
    <ClCompile Include="149 Max Points on a Line.cpp">
      <Filter>done</Filter>
    </ClCompile>
    <ClCompile Include="150 Evaluate Reverse Polish Notation.cpp">
      <Filter>done</Filter>
    </ClCompile>
    <ClCompile Include="151 Reverse Words in a String.cpp">
      <Filter>done</Filter>
    </ClCompile>
    <ClCompile Include="152 Maximum Product Subarray.cpp">
      <Filter>done</Filter>
    </ClCompile>
    <ClCompile Include="153 Find Minimum in Rotated Sorted Array.cpp">
      <Filter>done</Filter>
    </ClCompile>
    <ClCompile Include="154 Find Minimum in Rotated Sorted Array II.cpp">
      <Filter>done</Filter>
    </ClCompile>
    <ClCompile Include="155 Min Stack.cpp">
      <Filter>done</Filter>
    </ClCompile>
    <ClCompile Include="156 Binary Tree Upside Down.cpp">
      <Filter>done</Filter>
    </ClCompile>
    <ClCompile Include="157 Read N Characters Given Read4.cpp">
      <Filter>done</Filter>
    </ClCompile>
    <ClCompile Include="158 Read N Characters Given Read4 II - Call multiple times.cpp">
      <Filter>done</Filter>
    </ClCompile>
    <ClCompile Include="159  Longest Substring with At Most Two Distinct Characters.cpp">
      <Filter>done</Filter>
    </ClCompile>
    <ClCompile Include="160 Intersection of Two Linked Lists.cpp">
      <Filter>done</Filter>
    </ClCompile>
    <ClCompile Include="161 One Edit Distance.cpp">
      <Filter>done</Filter>
    </ClCompile>
    <ClCompile Include="162 Find Peak Element.cpp">
      <Filter>done</Filter>
    </ClCompile>
    <ClCompile Include="163 Missing Ranges.cpp">
      <Filter>done</Filter>
    </ClCompile>
    <ClCompile Include="164 Maximum Gap.cpp">
      <Filter>done</Filter>
    </ClCompile>
    <ClCompile Include="165 Compare Version Numbers.cpp">
      <Filter>done</Filter>
    </ClCompile>
    <ClCompile Include="166 Fraction to Recurring Decimal.cpp">
      <Filter>done</Filter>
    </ClCompile>
    <ClCompile Include="167 Two Sum II - Input array is sorted.cpp">
      <Filter>done</Filter>
    </ClCompile>
    <ClCompile Include="168 Excel Sheet Column Title.cpp">
      <Filter>done</Filter>
    </ClCompile>
    <ClCompile Include="169 Majority Element.cpp">
      <Filter>done</Filter>
    </ClCompile>
    <ClCompile Include="170 Two Sum III - Data structure design.cpp">
      <Filter>done</Filter>
    </ClCompile>
    <ClCompile Include="171 Excel Sheet Column Number.cpp">
      <Filter>done</Filter>
    </ClCompile>
    <ClCompile Include="172 Factorial Trailing Zeroes.cpp">
      <Filter>done</Filter>
    </ClCompile>
    <ClCompile Include="173 Binary Search Tree Iterator.cpp">
      <Filter>done</Filter>
    </ClCompile>
    <ClCompile Include="174 Dungeon Game.cpp">
      <Filter>done</Filter>
    </ClCompile>
    <ClCompile Include="179 Largest Number.cpp">
      <Filter>done</Filter>
    </ClCompile>
    <ClCompile Include="186 Reverse Words in a String II.cpp">
      <Filter>done</Filter>
    </ClCompile>
    <ClCompile Include="187 Repeated DNA Sequences.cpp">
      <Filter>done</Filter>
    </ClCompile>
    <ClCompile Include="188 Best Time to Buy and Sell Stock IV.cpp">
      <Filter>done</Filter>
    </ClCompile>
    <ClCompile Include="189 Rotate Array.cpp">
      <Filter>done</Filter>
    </ClCompile>
    <ClCompile Include="190 Reverse Bits.cpp">
      <Filter>done</Filter>
    </ClCompile>
    <ClCompile Include="191 Number of 1 Bits.cpp">
      <Filter>done</Filter>
    </ClCompile>
    <ClCompile Include="198 House Robber.cpp">
      <Filter>done</Filter>
    </ClCompile>
    <ClCompile Include="206 Reverse Linked List.cpp">
      <Filter>done</Filter>
    </ClCompile>
    <ClCompile Include="199 Binary Tree Right Side View .cpp">
      <Filter>done</Filter>
    </ClCompile>
    <ClCompile Include="200 Number of Islands.cpp">
      <Filter>done</Filter>
    </ClCompile>
    <ClCompile Include="201 Bitwise AND of Numbers Range.cpp">
      <Filter>done</Filter>
    </ClCompile>
    <ClCompile Include="202 Happy Number.cpp">
      <Filter>done</Filter>
    </ClCompile>
    <ClCompile Include="203 Remove Linked List Elements.cpp">
      <Filter>done</Filter>
    </ClCompile>
    <ClCompile Include="204 Count Primes.cpp">
      <Filter>done</Filter>
    </ClCompile>
    <ClCompile Include="205 Isomorphic Strings.cpp">
      <Filter>done</Filter>
    </ClCompile>
    <ClCompile Include="207 Course Schedule .cpp">
      <Filter>done</Filter>
    </ClCompile>
    <ClCompile Include="210 Course Schedule II.cpp">
      <Filter>done</Filter>
    </ClCompile>
    <ClCompile Include="209 Minimum Size Subarray Sum .cpp">
      <Filter>done</Filter>
    </ClCompile>
    <ClCompile Include="208 Implement Trie.cpp">
      <Filter>done</Filter>
    </ClCompile>
    <ClCompile Include="214 Shortest Palindrome.cpp">
      <Filter>done</Filter>
    </ClCompile>
    <ClCompile Include="211 Add and Search Word - Data structure design.cpp">
      <Filter>done</Filter>
    </ClCompile>
    <ClCompile Include="212 Word Search II.cpp">
      <Filter>done</Filter>
    </ClCompile>
    <ClCompile Include="213 House Robber II.cpp">
      <Filter>done</Filter>
    </ClCompile>
    <ClCompile Include="219 Contains Duplicate II.cpp">
      <Filter>done</Filter>
    </ClCompile>
    <ClCompile Include="215 Kth Largest Element in an Array.cpp">
      <Filter>done</Filter>
    </ClCompile>
    <ClCompile Include="216 Combination Sum III.cpp">
      <Filter>done</Filter>
    </ClCompile>
    <ClCompile Include="217 Contains Duplicate.cpp">
      <Filter>done</Filter>
    </ClCompile>
    <ClCompile Include="218 The Skyline Problem.cpp">
      <Filter>done</Filter>
    </ClCompile>
    <ClCompile Include="220 Contains Duplicate III.cpp">
      <Filter>done</Filter>
    </ClCompile>
    <ClCompile Include="221 Maximal Square.cpp">
      <Filter>done</Filter>
    </ClCompile>
    <ClCompile Include="222 Count Complete Tree Nodes.cpp">
      <Filter>done</Filter>
    </ClCompile>
    <ClCompile Include="223 Rectangle Area.cpp">
      <Filter>done</Filter>
    </ClCompile>
    <ClCompile Include="226 Invert Binary Tree.cpp">
      <Filter>done</Filter>
    </ClCompile>
    <ClCompile Include="225 Implement Stack using Queues.cpp">
      <Filter>done</Filter>
    </ClCompile>
    <ClCompile Include="224 Basic Calculator.cpp">
      <Filter>done</Filter>
    </ClCompile>
    <ClCompile Include="227 Basic Calculator II.cpp">
      <Filter>done</Filter>
    </ClCompile>
    <ClCompile Include="200 Number of Islands II.cpp">
      <Filter>Source Files</Filter>
    </ClCompile>
    <ClCompile Include="229 Majority Element II.cpp">
      <Filter>Source Files</Filter>
    </ClCompile>
    <ClCompile Include="228 Summary Ranges.cpp">
      <Filter>Source Files</Filter>
    </ClCompile>
    <ClCompile Include="230 Kth Smallest Element in a BST.cpp">
      <Filter>Source Files</Filter>
    </ClCompile>
    <ClCompile Include="235 Lowest Common Ancestor of a Binary Search Tree.cpp">
      <Filter>Source Files</Filter>
    </ClCompile>
    <ClCompile Include="236 Lowest Common Ancestor of a Binary Tree.cpp">
      <Filter>Source Files</Filter>
    </ClCompile>
    <ClCompile Include="231 Power of Two.cpp">
      <Filter>Source Files</Filter>
    </ClCompile>
  </ItemGroup>
</Project>